
Microsoft Visual Studio Solution File, Format Version 12.00
# Visual Studio Version 16
VisualStudioVersion = 16.0.30114.105
MinimumVisualStudioVersion = 10.0.40219.1
Project("{9A19103F-16F7-4668-BE54-9A1E7A4F7556}") = "ReservationProject", "ReservationProject\ReservationProject.csproj", "{95F62286-A845-4CD3-88BC-7A6908A5DBD7}"
EndProject
Project("{9A19103F-16F7-4668-BE54-9A1E7A4F7556}") = "ReservationProject.Domain", "ReservationProject.Domain\ReservationProject.Domain.csproj", "{69EB2A89-419C-4899-98ED-E6714FD79C90}"
EndProject
Project("{9A19103F-16F7-4668-BE54-9A1E7A4F7556}") = "ReservationProject.Infrastructure", "Reservation.Infrastructure\ReservationProject.Infrastructure.csproj", "{64D5A3C0-23C1-4BD0-97A1-D7302F754DD9}"
EndProject
Project("{FAE04EC0-301F-11D3-BF4B-00C04F79EFBC}") = "ReservationProject.Application", "ReservationProject.Application\ReservationProject.Application.csproj", "{18F29C25-3B1B-4E67-BDF4-B29B4647E2C3}"
EndProject
Global
	GlobalSection(SolutionConfigurationPlatforms) = preSolution
		Debug|Any CPU = Debug|Any CPU
		Release|Any CPU = Release|Any CPU
	EndGlobalSection
	GlobalSection(ProjectConfigurationPlatforms) = postSolution
		{95F62286-A845-4CD3-88BC-7A6908A5DBD7}.Debug|Any CPU.ActiveCfg = Debug|Any CPU
		{95F62286-A845-4CD3-88BC-7A6908A5DBD7}.Debug|Any CPU.Build.0 = Debug|Any CPU
		{95F62286-A845-4CD3-88BC-7A6908A5DBD7}.Release|Any CPU.ActiveCfg = Release|Any CPU
		{95F62286-A845-4CD3-88BC-7A6908A5DBD7}.Release|Any CPU.Build.0 = Release|Any CPU
		{69EB2A89-419C-4899-98ED-E6714FD79C90}.Debug|Any CPU.ActiveCfg = Debug|Any CPU
		{69EB2A89-419C-4899-98ED-E6714FD79C90}.Debug|Any CPU.Build.0 = Debug|Any CPU
		{69EB2A89-419C-4899-98ED-E6714FD79C90}.Release|Any CPU.ActiveCfg = Release|Any CPU
		{69EB2A89-419C-4899-98ED-E6714FD79C90}.Release|Any CPU.Build.0 = Release|Any CPU
		{64D5A3C0-23C1-4BD0-97A1-D7302F754DD9}.Debug|Any CPU.ActiveCfg = Debug|Any CPU
		{64D5A3C0-23C1-4BD0-97A1-D7302F754DD9}.Debug|Any CPU.Build.0 = Debug|Any CPU
		{64D5A3C0-23C1-4BD0-97A1-D7302F754DD9}.Release|Any CPU.ActiveCfg = Release|Any CPU
		{64D5A3C0-23C1-4BD0-97A1-D7302F754DD9}.Release|Any CPU.Build.0 = Release|Any CPU
		{18F29C25-3B1B-4E67-BDF4-B29B4647E2C3}.Debug|Any CPU.ActiveCfg = Debug|Any CPU
		{18F29C25-3B1B-4E67-BDF4-B29B4647E2C3}.Debug|Any CPU.Build.0 = Debug|Any CPU
		{18F29C25-3B1B-4E67-BDF4-B29B4647E2C3}.Release|Any CPU.ActiveCfg = Release|Any CPU
		{18F29C25-3B1B-4E67-BDF4-B29B4647E2C3}.Release|Any CPU.Build.0 = Release|Any CPU
	EndGlobalSection
	GlobalSection(SolutionProperties) = preSolution
		HideSolutionNode = FALSE
	EndGlobalSection
	GlobalSection(ExtensibilityGlobals) = postSolution
		SolutionGuid = {6F1147BF-C0E7-45CF-91DE-54E066D04B8B}
	EndGlobalSection
EndGlobal
